
Microsoft Visual Studio Solution File, Format Version 12.00
# Visual Studio Version 16
VisualStudioVersion = 16.0.32106.194
MinimumVisualStudioVersion = 10.0.40219.1
Project("{9A19103F-16F7-4668-BE54-9A1E7A4F7556}") = "VideoCutter", "VideoCutter.csproj", "{B20EB869-E5A7-4FD5-BF47-9E6BAECF2945}"
EndProject
Project("{9A19103F-16F7-4668-BE54-9A1E7A4F7556}") = "Updater", "..\Updater\Updater.csproj", "{030C297F-F8E0-444F-8CA1-901CF56480DB}"
EndProject
Global
	GlobalSection(SolutionConfigurationPlatforms) = preSolution
		Debug|Any CPU = Debug|Any CPU
		Release|Any CPU = Release|Any CPU
	EndGlobalSection
	GlobalSection(ProjectConfigurationPlatforms) = postSolution
		{B20EB869-E5A7-4FD5-BF47-9E6BAECF2945}.Debug|Any CPU.ActiveCfg = Debug|Any CPU
		{B20EB869-E5A7-4FD5-BF47-9E6BAECF2945}.Debug|Any CPU.Build.0 = Debug|Any CPU
		{B20EB869-E5A7-4FD5-BF47-9E6BAECF2945}.Release|Any CPU.ActiveCfg = Release|Any CPU
		{B20EB869-E5A7-4FD5-BF47-9E6BAECF2945}.Release|Any CPU.Build.0 = Release|Any CPU
		{030C297F-F8E0-444F-8CA1-901CF56480DB}.Debug|Any CPU.ActiveCfg = Debug|Any CPU
		{030C297F-F8E0-444F-8CA1-901CF56480DB}.Debug|Any CPU.Build.0 = Debug|Any CPU
		{030C297F-F8E0-444F-8CA1-901CF56480DB}.Release|Any CPU.ActiveCfg = Release|Any CPU
		{030C297F-F8E0-444F-8CA1-901CF56480DB}.Release|Any CPU.Build.0 = Release|Any CPU
	EndGlobalSection
	GlobalSection(SolutionProperties) = preSolution
		HideSolutionNode = FALSE
	EndGlobalSection
	GlobalSection(ExtensibilityGlobals) = postSolution
		SolutionGuid = {97C9014D-0844-4781-BD13-F0FF78064C88}
	EndGlobalSection
EndGlobal
